
Microsoft Visual Studio Solution File, Format Version 12.00
# Visual Studio Version 16
VisualStudioVersion = 16.0.29806.167
MinimumVisualStudioVersion = 10.0.40219.1
Project("{9A19103F-16F7-4668-BE54-9A1E7A4F7556}") = "ODataWithEndpoint", "ODataWithEndpoint.csproj", "{2FF87E48-D697-419B-A753-4E48884AB73D}"
EndProject
Global
	GlobalSection(SolutionConfigurationPlatforms) = preSolution
		Debug|Any CPU = Debug|Any CPU
		Release|Any CPU = Release|Any CPU
	EndGlobalSection
	GlobalSection(ProjectConfigurationPlatforms) = postSolution
		{2FF87E48-D697-419B-A753-4E48884AB73D}.Debug|Any CPU.ActiveCfg = Debug|Any CPU
		{2FF87E48-D697-419B-A753-4E48884AB73D}.Debug|Any CPU.Build.0 = Debug|Any CPU
		{2FF87E48-D697-419B-A753-4E48884AB73D}.Release|Any CPU.ActiveCfg = Release|Any CPU
		{2FF87E48-D697-419B-A753-4E48884AB73D}.Release|Any CPU.Build.0 = Release|Any CPU
	EndGlobalSection
	GlobalSection(SolutionProperties) = preSolution
		HideSolutionNode = FALSE
	EndGlobalSection
	GlobalSection(ExtensibilityGlobals) = postSolution
		SolutionGuid = {0B23D1DC-A78A-424D-B80C-BE4821457D08}
	EndGlobalSection
EndGlobal
